
Microsoft Visual Studio Solution File, Format Version 12.00
# Visual Studio Version 17
VisualStudioVersion = 17.14.36414.22 d17.14
MinimumVisualStudioVersion = 10.0.40219.1
Project("{FAE04EC0-301F-11D3-BF4B-00C04F79EFBC}") = "EnglishUp", "EnglishUp.csproj", "{69EA4D89-13AA-4321-A8F5-B70EAB0A67F7}"
EndProject
Global
	GlobalSection(SolutionConfigurationPlatforms) = preSolution
		Debug|Any CPU = Debug|Any CPU
		Release|Any CPU = Release|Any CPU
	EndGlobalSection
	GlobalSection(ProjectConfigurationPlatforms) = postSolution
		{69EA4D89-13AA-4321-A8F5-B70EAB0A67F7}.Debug|Any CPU.ActiveCfg = Debug|Any CPU
		{69EA4D89-13AA-4321-A8F5-B70EAB0A67F7}.Debug|Any CPU.Build.0 = Debug|Any CPU
		{69EA4D89-13AA-4321-A8F5-B70EAB0A67F7}.Release|Any CPU.ActiveCfg = Release|Any CPU
		{69EA4D89-13AA-4321-A8F5-B70EAB0A67F7}.Release|Any CPU.Build.0 = Release|Any CPU
	EndGlobalSection
	GlobalSection(SolutionProperties) = preSolution
		HideSolutionNode = FALSE
	EndGlobalSection
	GlobalSection(ExtensibilityGlobals) = postSolution
		SolutionGuid = {D8BF4581-B1FE-481E-95DF-39B9CA3FF961}
	EndGlobalSection
EndGlobal
